// !$*UTF8*$!
{
	archiveVersion = 1;
	classes = {
	};
	objectVersion = 55;
	objects = {

/* Begin PBXBuildFile section */
		65BAB4A904E242089DCB6E1B /* Pods_SuperHeores.framework in Frameworks */ = {isa = PBXBuildFile; fileRef = D2E3AE82942F5F3A18A1BF0A /* Pods_SuperHeores.framework */; };
		D247627C277E4A190099CCD2 /* SuperHeoresApp.swift in Sources */ = {isa = PBXBuildFile; fileRef = D247627B277E4A190099CCD2 /* SuperHeoresApp.swift */; };
		D247627E277E4A190099CCD2 /* ContentView.swift in Sources */ = {isa = PBXBuildFile; fileRef = D247627D277E4A190099CCD2 /* ContentView.swift */; };
		D2476280277E4A1C0099CCD2 /* Assets.xcassets in Resources */ = {isa = PBXBuildFile; fileRef = D247627F277E4A1C0099CCD2 /* Assets.xcassets */; };
		D2476283277E4A1C0099CCD2 /* Preview Assets.xcassets in Resources */ = {isa = PBXBuildFile; fileRef = D2476282277E4A1C0099CCD2 /* Preview Assets.xcassets */; };
		D247628A277E75310099CCD2 /* Model.swift in Sources */ = {isa = PBXBuildFile; fileRef = D2476289277E75310099CCD2 /* Model.swift */; };
		D247628E277EC6810099CCD2 /* ImageSuperHeoreView.swift in Sources */ = {isa = PBXBuildFile; fileRef = D247628D277EC6810099CCD2 /* ImageSuperHeoreView.swift */; };
		D2476290277EC8F50099CCD2 /* DescriptionSuperHeoreView.swift in Sources */ = {isa = PBXBuildFile; fileRef = D247628F277EC8F50099CCD2 /* DescriptionSuperHeoreView.swift */; };
		D2AA36A727835CD200B90C41 /* GridSuperHeroeView.swift in Sources */ = {isa = PBXBuildFile; fileRef = D2AA36A627835CD200B90C41 /* GridSuperHeroeView.swift */; };
/* End PBXBuildFile section */

/* Begin PBXFileReference section */
		04B42C02D127D1C6B980DE9E /* Pods-SuperHeores.release.xcconfig */ = {isa = PBXFileReference; includeInIndex = 1; lastKnownFileType = text.xcconfig; name = "Pods-SuperHeores.release.xcconfig"; path = "Target Support Files/Pods-SuperHeores/Pods-SuperHeores.release.xcconfig"; sourceTree = "<group>"; };
		2EC1981B229CEC25A6B92521 /* Pods-SuperHeores.debug.xcconfig */ = {isa = PBXFileReference; includeInIndex = 1; lastKnownFileType = text.xcconfig; name = "Pods-SuperHeores.debug.xcconfig"; path = "Target Support Files/Pods-SuperHeores/Pods-SuperHeores.debug.xcconfig"; sourceTree = "<group>"; };
		D2476278277E4A190099CCD2 /* SuperHeores.app */ = {isa = PBXFileReference; explicitFileType = wrapper.application; includeInIndex = 0; path = SuperHeores.app; sourceTree = BUILT_PRODUCTS_DIR; };
		D247627B277E4A190099CCD2 /* SuperHeoresApp.swift */ = {isa = PBXFileReference; lastKnownFileType = sourcecode.swift; path = SuperHeoresApp.swift; sourceTree = "<group>"; };
		D247627D277E4A190099CCD2 /* ContentView.swift */ = {isa = PBXFileReference; lastKnownFileType = sourcecode.swift; path = ContentView.swift; sourceTree = "<group>"; };
		D247627F277E4A1C0099CCD2 /* Assets.xcassets */ = {isa = PBXFileReference; lastKnownFileType = folder.assetcatalog; path = Assets.xcassets; sourceTree = "<group>"; };
		D2476282277E4A1C0099CCD2 /* Preview Assets.xcassets */ = {isa = PBXFileReference; lastKnownFileType = folder.assetcatalog; path = "Preview Assets.xcassets"; sourceTree = "<group>"; };
		D2476289277E75310099CCD2 /* Model.swift */ = {isa = PBXFileReference; lastKnownFileType = sourcecode.swift; path = Model.swift; sourceTree = "<group>"; };
		D247628D277EC6810099CCD2 /* ImageSuperHeoreView.swift */ = {isa = PBXFileReference; lastKnownFileType = sourcecode.swift; path = ImageSuperHeoreView.swift; sourceTree = "<group>"; };
		D247628F277EC8F50099CCD2 /* DescriptionSuperHeoreView.swift */ = {isa = PBXFileReference; lastKnownFileType = sourcecode.swift; path = DescriptionSuperHeoreView.swift; sourceTree = "<group>"; };
		D2AA36A627835CD200B90C41 /* GridSuperHeroeView.swift */ = {isa = PBXFileReference; lastKnownFileType = sourcecode.swift; path = GridSuperHeroeView.swift; sourceTree = "<group>"; };
		D2E3AE82942F5F3A18A1BF0A /* Pods_SuperHeores.framework */ = {isa = PBXFileReference; explicitFileType = wrapper.framework; includeInIndex = 0; path = Pods_SuperHeores.framework; sourceTree = BUILT_PRODUCTS_DIR; };
/* End PBXFileReference section */

/* Begin PBXFrameworksBuildPhase section */
		D2476275277E4A190099CCD2 /* Frameworks */ = {
			isa = PBXFrameworksBuildPhase;
			buildActionMask = 2147483647;
			files = (
				65BAB4A904E242089DCB6E1B /* Pods_SuperHeores.framework in Frameworks */,
			);
			runOnlyForDeploymentPostprocessing = 0;
		};
/* End PBXFrameworksBuildPhase section */

/* Begin PBXGroup section */
		0B2F9043AA989E15083C3DE7 /* Pods */ = {
			isa = PBXGroup;
			children = (
				2EC1981B229CEC25A6B92521 /* Pods-SuperHeores.debug.xcconfig */,
				04B42C02D127D1C6B980DE9E /* Pods-SuperHeores.release.xcconfig */,
			);
			path = Pods;
			sourceTree = "<group>";
		};
		854B6AE6AE435927ADA881C0 /* Frameworks */ = {
			isa = PBXGroup;
			children = (
				D2E3AE82942F5F3A18A1BF0A /* Pods_SuperHeores.framework */,
			);
			name = Frameworks;
			sourceTree = "<group>";
		};
		D247626F277E4A190099CCD2 = {
			isa = PBXGroup;
			children = (
				D247627A277E4A190099CCD2 /* SuperHeores */,
				D2476279277E4A190099CCD2 /* Products */,
				0B2F9043AA989E15083C3DE7 /* Pods */,
				854B6AE6AE435927ADA881C0 /* Frameworks */,
			);
			sourceTree = "<group>";
		};
		D2476279277E4A190099CCD2 /* Products */ = {
			isa = PBXGroup;
			children = (
				D2476278277E4A190099CCD2 /* SuperHeores.app */,
			);
			name = Products;
			sourceTree = "<group>";
		};
		D247627A277E4A190099CCD2 /* SuperHeores */ = {
			isa = PBXGroup;
			children = (
				D247627B277E4A190099CCD2 /* SuperHeoresApp.swift */,
				D247627D277E4A190099CCD2 /* ContentView.swift */,
				D2476289277E75310099CCD2 /* Model.swift */,
				D247627F277E4A1C0099CCD2 /* Assets.xcassets */,
				D2476281277E4A1C0099CCD2 /* Preview Content */,
				D247628D277EC6810099CCD2 /* ImageSuperHeoreView.swift */,
				D247628F277EC8F50099CCD2 /* DescriptionSuperHeoreView.swift */,
				D2AA36A627835CD200B90C41 /* GridSuperHeroeView.swift */,
			);
			path = SuperHeores;
			sourceTree = "<group>";
		};
		D2476281277E4A1C0099CCD2 /* Preview Content */ = {
			isa = PBXGroup;
			children = (
				D2476282277E4A1C0099CCD2 /* Preview Assets.xcassets */,
			);
			path = "Preview Content";
			sourceTree = "<group>";
		};
/* End PBXGroup section */

/* Begin PBXNativeTarget section */
		D2476277277E4A190099CCD2 /* SuperHeores */ = {
			isa = PBXNativeTarget;
			buildConfigurationList = D2476286277E4A1C0099CCD2 /* Build configuration list for PBXNativeTarget "SuperHeores" */;
			buildPhases = (
				8D8F2445281E6176C31E5978 /* [CP] Check Pods Manifest.lock */,
				D2476274277E4A190099CCD2 /* Sources */,
				D2476275277E4A190099CCD2 /* Frameworks */,
				D2476276277E4A190099CCD2 /* Resources */,
				91BCA7944C7B207B91C92775 /* [CP] Embed Pods Frameworks */,
			);
			buildRules = (
			);
			dependencies = (
			);
			name = SuperHeores;
			productName = SuperHeores;
			productReference = D2476278277E4A190099CCD2 /* SuperHeores.app */;
			productType = "com.apple.product-type.application";
		};
/* End PBXNativeTarget section */

/* Begin PBXProject section */
		D2476270277E4A190099CCD2 /* Project object */ = {
			isa = PBXProject;
			attributes = {
				BuildIndependentTargetsInParallel = 1;
				LastSwiftUpdateCheck = 1320;
				LastUpgradeCheck = 1320;
				TargetAttributes = {
					D2476277277E4A190099CCD2 = {
						CreatedOnToolsVersion = 13.2.1;
					};
				};
			};
			buildConfigurationList = D2476273277E4A190099CCD2 /* Build configuration list for PBXProject "SuperHeores" */;
			compatibilityVersion = "Xcode 13.0";
			developmentRegion = en;
			hasScannedForEncodings = 0;
			knownRegions = (
				en,
				Base,
			);
			mainGroup = D247626F277E4A190099CCD2;
			productRefGroup = D2476279277E4A190099CCD2 /* Products */;
			projectDirPath = "";
			projectRoot = "";
			targets = (
				D2476277277E4A190099CCD2 /* SuperHeores */,
			);
		};
/* End PBXProject section */

/* Begin PBXResourcesBuildPhase section */
		D2476276277E4A190099CCD2 /* Resources */ = {
			isa = PBXResourcesBuildPhase;
			buildActionMask = 2147483647;
			files = (
				D2476283277E4A1C0099CCD2 /* Preview Assets.xcassets in Resources */,
				D2476280277E4A1C0099CCD2 /* Assets.xcassets in Resources */,
			);
			runOnlyForDeploymentPostprocessing = 0;
		};
/* End PBXResourcesBuildPhase section */

/* Begin PBXShellScriptBuildPhase section */
		8D8F2445281E6176C31E5978 /* [CP] Check Pods Manifest.lock */ = {
			isa = PBXShellScriptBuildPhase;
			buildActionMask = 2147483647;
			files = (
			);
			inputFileListPaths = (
			);
			inputPaths = (
				"${PODS_PODFILE_DIR_PATH}/Podfile.lock",
				"${PODS_ROOT}/Manifest.lock",
			);
			name = "[CP] Check Pods Manifest.lock";
			outputFileListPaths = (
			);
			outputPaths = (
				"$(DERIVED_FILE_DIR)/Pods-SuperHeores-checkManifestLockResult.txt",
			);
			runOnlyForDeploymentPostprocessing = 0;
			shellPath = /bin/sh;
			shellScript = "diff \"${PODS_PODFILE_DIR_PATH}/Podfile.lock\" \"${PODS_ROOT}/Manifest.lock\" > /dev/null\nif [ $? != 0 ] ; then\n    # print error to STDERR\n    echo \"error: The sandbox is not in sync with the Podfile.lock. Run 'pod install' or update your CocoaPods installation.\" >&2\n    exit 1\nfi\n# This output is used by Xcode 'outputs' to avoid re-running this script phase.\necho \"SUCCESS\" > \"${SCRIPT_OUTPUT_FILE_0}\"\n";
			showEnvVarsInLog = 0;
		};
		91BCA7944C7B207B91C92775 /* [CP] Embed Pods Frameworks */ = {
			isa = PBXShellScriptBuildPhase;
			buildActionMask = 2147483647;
			files = (
			);
			inputFileListPaths = (
				"${PODS_ROOT}/Target Support Files/Pods-SuperHeores/Pods-SuperHeores-frameworks-${CONFIGURATION}-input-files.xcfilelist",
			);
			name = "[CP] Embed Pods Frameworks";
			outputFileListPaths = (
				"${PODS_ROOT}/Target Support Files/Pods-SuperHeores/Pods-SuperHeores-frameworks-${CONFIGURATION}-output-files.xcfilelist",
			);
			runOnlyForDeploymentPostprocessing = 0;
			shellPath = /bin/sh;
			shellScript = "\"${PODS_ROOT}/Target Support Files/Pods-SuperHeores/Pods-SuperHeores-frameworks.sh\"\n";
			showEnvVarsInLog = 0;
		};
/* End PBXShellScriptBuildPhase section */

/* Begin PBXSourcesBuildPhase section */
		D2476274277E4A190099CCD2 /* Sources */ = {
			isa = PBXSourcesBuildPhase;
			buildActionMask = 2147483647;
			files = (
				D247628E277EC6810099CCD2 /* ImageSuperHeoreView.swift in Sources */,
				D247628A277E75310099CCD2 /* Model.swift in Sources */,
				D2476290277EC8F50099CCD2 /* DescriptionSuperHeoreView.swift in Sources */,
				D247627E277E4A190099CCD2 /* ContentView.swift in Sources */,
				D2AA36A727835CD200B90C41 /* GridSuperHeroeView.swift in Sources */,
				D247627C277E4A190099CCD2 /* SuperHeoresApp.swift in Sources */,
			);
			runOnlyForDeploymentPostprocessing = 0;
		};
/* End PBXSourcesBuildPhase section */

/* Begin XCBuildConfiguration section */
		D2476284277E4A1C0099CCD2 /* Debug */ = {
			isa = XCBuildConfiguration;
			buildSettings = {
				ALWAYS_SEARCH_USER_PATHS = NO;
				CLANG_ANALYZER_NONNULL = YES;
				CLANG_ANALYZER_NUMBER_OBJECT_CONVERSION = YES_AGGRESSIVE;
				CLANG_CXX_LANGUAGE_STANDARD = "gnu++17";
				CLANG_CXX_LIBRARY = "libc++";
				CLANG_ENABLE_MODULES = YES;
				CLANG_ENABLE_OBJC_ARC = YES;
				CLANG_ENABLE_OBJC_WEAK = YES;
				CLANG_WARN_BLOCK_CAPTURE_AUTORELEASING = YES;
				CLANG_WARN_BOOL_CONVERSION = YES;
				CLANG_WARN_COMMA = YES;
				CLANG_WARN_CONSTANT_CONVERSION = YES;
				CLANG_WARN_DEPRECATED_OBJC_IMPLEMENTATIONS = YES;
				CLANG_WARN_DIRECT_OBJC_ISA_USAGE = YES_ERROR;
				CLANG_WARN_DOCUMENTATION_COMMENTS = YES;
				CLANG_WARN_EMPTY_BODY = YES;
				CLANG_WARN_ENUM_CONVERSION = YES;
				CLANG_WARN_INFINITE_RECURSION = YES;
				CLANG_WARN_INT_CONVERSION = YES;
				CLANG_WARN_NON_LITERAL_NULL_CONVERSION = YES;
				CLANG_WARN_OBJC_IMPLICIT_RETAIN_SELF = YES;
				CLANG_WARN_OBJC_LITERAL_CONVERSION = YES;
				CLANG_WARN_OBJC_ROOT_CLASS = YES_ERROR;
				CLANG_WARN_QUOTED_INCLUDE_IN_FRAMEWORK_HEADER = YES;
				CLANG_WARN_RANGE_LOOP_ANALYSIS = YES;
				CLANG_WARN_STRICT_PROTOTYPES = YES;
				CLANG_WARN_SUSPICIOUS_MOVE = YES;
				CLANG_WARN_UNGUARDED_AVAILABILITY = YES_AGGRESSIVE;
				CLANG_WARN_UNREACHABLE_CODE = YES;
				CLANG_WARN__DUPLICATE_METHOD_MATCH = YES;
				COPY_PHASE_STRIP = NO;
				DEBUG_INFORMATION_FORMAT = dwarf;
				ENABLE_STRICT_OBJC_MSGSEND = YES;
				ENABLE_TESTABILITY = YES;
				GCC_C_LANGUAGE_STANDARD = gnu11;
				GCC_DYNAMIC_NO_PIC = NO;
				GCC_NO_COMMON_BLOCKS = YES;
				GCC_OPTIMIZATION_LEVEL = 0;
				GCC_PREPROCESSOR_DEFINITIONS = (
					"DEBUG=1",
					"$(inherited)",
				);
				GCC_WARN_64_TO_32_BIT_CONVERSION = YES;
				GCC_WARN_ABOUT_RETURN_TYPE = YES_ERROR;
				GCC_WARN_UNDECLARED_SELECTOR = YES;
				GCC_WARN_UNINITIALIZED_AUTOS = YES_AGGRESSIVE;
				GCC_WARN_UNUSED_FUNCTION = YES;
				GCC_WARN_UNUSED_VARIABLE = YES;
				IPHONEOS_DEPLOYMENT_TARGET = 15.2;
				MTL_ENABLE_DEBUG_INFO = INCLUDE_SOURCE;
				MTL_FAST_MATH = YES;
				ONLY_ACTIVE_ARCH = YES;
				SDKROOT = iphoneos;
				SWIFT_ACTIVE_COMPILATION_CONDITIONS = DEBUG;
				SWIFT_OPTIMIZATION_LEVEL = "-Onone";
			};
			name = Debug;
		};
		D2476285277E4A1C0099CCD2 /* Release */ = {
			isa = XCBuildConfiguration;
			buildSettings = {
				ALWAYS_SEARCH_USER_PATHS = NO;
				CLANG_ANALYZER_NONNULL = YES;
				CLANG_ANALYZER_NUMBER_OBJECT_CONVERSION = YES_AGGRESSIVE;
				CLANG_CXX_LANGUAGE_STANDARD = "gnu++17";
				CLANG_CXX_LIBRARY = "libc++";
				CLANG_ENABLE_MODULES = YES;
				CLANG_ENABLE_OBJC_ARC = YES;
				CLANG_ENABLE_OBJC_WEAK = YES;
				CLANG_WARN_BLOCK_CAPTURE_AUTORELEASING = YES;
				CLANG_WARN_BOOL_CONVERSION = YES;
				CLANG_WARN_COMMA = YES;
				CLANG_WARN_CONSTANT_CONVERSION = YES;
				CLANG_WARN_DEPRECATED_OBJC_IMPLEMENTATIONS = YES;
				CLANG_WARN_DIRECT_OBJC_ISA_USAGE = YES_ERROR;
				CLANG_WARN_DOCUMENTATION_COMMENTS = YES;
				CLANG_WARN_EMPTY_BODY = YES;
				CLANG_WARN_ENUM_CONVERSION = YES;
				CLANG_WARN_INFINITE_RECURSION = YES;
				CLANG_WARN_INT_CONVERSION = YES;
				CLANG_WARN_NON_LITERAL_NULL_CONVERSION = YES;
				CLANG_WARN_OBJC_IMPLICIT_RETAIN_SELF = YES;
				CLANG_WARN_OBJC_LITERAL_CONVERSION = YES;
				CLANG_WARN_OBJC_ROOT_CLASS = YES_ERROR;
				CLANG_WARN_QUOTED_INCLUDE_IN_FRAMEWORK_HEADER = YES;
				CLANG_WARN_RANGE_LOOP_ANALYSIS = YES;
				CLANG_WARN_STRICT_PROTOTYPES = YES;
				CLANG_WARN_SUSPICIOUS_MOVE = YES;
				CLANG_WARN_UNGUARDED_AVAILABILITY = YES_AGGRESSIVE;
				CLANG_WARN_UNREACHABLE_CODE = YES;
				CLANG_WARN__DUPLICATE_METHOD_MATCH = YES;
				COPY_PHASE_STRIP = NO;
				DEBUG_INFORMATION_FORMAT = "dwarf-with-dsym";
				ENABLE_NS_ASSERTIONS = NO;
				ENABLE_STRICT_OBJC_MSGSEND = YES;
				GCC_C_LANGUAGE_STANDARD = gnu11;
				GCC_NO_COMMON_BLOCKS = YES;
				GCC_WARN_64_TO_32_BIT_CONVERSION = YES;
				GCC_WARN_ABOUT_RETURN_TYPE = YES_ERROR;
				GCC_WARN_UNDECLARED_SELECTOR = YES;
				GCC_WARN_UNINITIALIZED_AUTOS = YES_AGGRESSIVE;
				GCC_WARN_UNUSED_FUNCTION = YES;
				GCC_WARN_UNUSED_VARIABLE = YES;
				IPHONEOS_DEPLOYMENT_TARGET = 15.2;
				MTL_ENABLE_DEBUG_INFO = NO;
				MTL_FAST_MATH = YES;
				SDKROOT = iphoneos;
				SWIFT_COMPILATION_MODE = wholemodule;
				SWIFT_OPTIMIZATION_LEVEL = "-O";
				VALIDATE_PRODUCT = YES;
			};
			name = Release;
		};
		D2476287277E4A1C0099CCD2 /* Debug */ = {
			isa = XCBuildConfiguration;
			baseConfigurationReference = 2EC1981B229CEC25A6B92521 /* Pods-SuperHeores.debug.xcconfig */;
			buildSettings = {
				ASSETCATALOG_COMPILER_APPICON_NAME = AppIcon;
				ASSETCATALOG_COMPILER_GLOBAL_ACCENT_COLOR_NAME = AccentColor;
				CODE_SIGN_STYLE = Automatic;
				CURRENT_PROJECT_VERSION = 1;
				DEVELOPMENT_ASSET_PATHS = "\"SuperHeores/Preview Content\"";
				DEVELOPMENT_TEAM = 4SCMU57SX9;
				ENABLE_PREVIEWS = YES;
				GENERATE_INFOPLIST_FILE = YES;
				INFOPLIST_KEY_UIApplicationSceneManifest_Generation = YES;
				INFOPLIST_KEY_UIApplicationSupportsIndirectInputEvents = YES;
				INFOPLIST_KEY_UILaunchScreen_Generation = YES;
				INFOPLIST_KEY_UISupportedInterfaceOrientations_iPad = "UIInterfaceOrientationPortrait UIInterfaceOrientationPortraitUpsideDown UIInterfaceOrientationLandscapeLeft UIInterfaceOrientationLandscapeRight";
				INFOPLIST_KEY_UISupportedInterfaceOrientations_iPhone = "UIInterfaceOrientationPortrait UIInterfaceOrientationLandscapeLeft UIInterfaceOrientationLandscapeRight";
				LD_RUNPATH_SEARCH_PATHS = (
					"$(inherited)",
					"@executable_path/Frameworks",
				);
				MARKETING_VERSION = 1.0;
				PRODUCT_BUNDLE_IDENTIFIER = com.infinty.SuperHeores;
				PRODUCT_NAME = "$(TARGET_NAME)";
				SWIFT_EMIT_LOC_STRINGS = YES;
				SWIFT_VERSION = 5.0;
				TARGETED_DEVICE_FAMILY = "1,2";
			};
			name = Debug;
		};
		D2476288277E4A1C0099CCD2 /* Release */ = {
			isa = XCBuildConfiguration;
			baseConfigurationReference = 04B42C02D127D1C6B980DE9E /* Pods-SuperHeores.release.xcconfig */;
			buildSettings = {
				ASSETCATALOG_COMPILER_APPICON_NAME = AppIcon;
				ASSETCATALOG_COMPILER_GLOBAL_ACCENT_COLOR_NAME = AccentColor;
				CODE_SIGN_STYLE = Automatic;
				CURRENT_PROJECT_VERSION = 1;
				DEVELOPMENT_ASSET_PATHS = "\"SuperHeores/Preview Content\"";
				DEVELOPMENT_TEAM = 4SCMU57SX9;
				ENABLE_PREVIEWS = YES;
				GENERATE_INFOPLIST_FILE = YES;
				INFOPLIST_KEY_UIApplicationSceneManifest_Generation = YES;
				INFOPLIST_KEY_UIApplicationSupportsIndirectInputEvents = YES;
				INFOPLIST_KEY_UILaunchScreen_Generation = YES;
				INFOPLIST_KEY_UISupportedInterfaceOrientations_iPad = "UIInterfaceOrientationPortrait UIInterfaceOrientationPortraitUpsideDown UIInterfaceOrientationLandscapeLeft UIInterfaceOrientationLandscapeRight";
				INFOPLIST_KEY_UISupportedInterfaceOrientations_iPhone = "UIInterfaceOrientationPortrait UIInterfaceOrientationLandscapeLeft UIInterfaceOrientationLandscapeRight";
				LD_RUNPATH_SEARCH_PATHS = (
					"$(inherited)",
					"@executable_path/Frameworks",
				);
				MARKETING_VERSION = 1.0;
				PRODUCT_BUNDLE_IDENTIFIER = com.infinty.SuperHeores;
				PRODUCT_NAME = "$(TARGET_NAME)";
				SWIFT_EMIT_LOC_STRINGS = YES;
				SWIFT_VERSION = 5.0;
				TARGETED_DEVICE_FAMILY = "1,2";
			};
			name = Release;
		};
/* End XCBuildConfiguration section */

/* Begin XCConfigurationList section */
		D2476273277E4A190099CCD2 /* Build configuration list for PBXProject "SuperHeores" */ = {
			isa = XCConfigurationList;
			buildConfigurations = (
				D2476284277E4A1C0099CCD2 /* Debug */,
				D2476285277E4A1C0099CCD2 /* Release */,
			);
			defaultConfigurationIsVisible = 0;
			defaultConfigurationName = Release;
		};
		D2476286277E4A1C0099CCD2 /* Build configuration list for PBXNativeTarget "SuperHeores" */ = {
			isa = XCConfigurationList;
			buildConfigurations = (
				D2476287277E4A1C0099CCD2 /* Debug */,
				D2476288277E4A1C0099CCD2 /* Release */,
			);
			defaultConfigurationIsVisible = 0;
			defaultConfigurationName = Release;
		};
/* End XCConfigurationList section */
	};
	rootObject = D2476270277E4A190099CCD2 /* Project object */;
}
